
Microsoft Visual Studio Solution File, Format Version 12.00
# Visual Studio Version 16
VisualStudioVersion = 16.0.30413.136
MinimumVisualStudioVersion = 10.0.40219.1
Project("{9A19103F-16F7-4668-BE54-9A1E7A4F7556}") = "DeviceApp", "ConsoleApp\DeviceApp.csproj", "{B08A24ED-AFC6-473B-BAD4-067C170C4D42}"
EndProject
Project("{9A19103F-16F7-4668-BE54-9A1E7A4F7556}") = "ServiceApp", "ServiceApp\ServiceApp.csproj", "{572616A1-1265-44B5-91C0-10852F04D955}"
EndProject
Project("{FAE04EC0-301F-11D3-BF4B-00C04F79EFBC}") = "DeviceApp.Tests", "DeviceApp.Tests\DeviceApp.Tests.csproj", "{17CC1B62-CD91-45A5-8D2E-CEB2C9CD9824}"
EndProject
Global
	GlobalSection(SolutionConfigurationPlatforms) = preSolution
		Debug|Any CPU = Debug|Any CPU
		Release|Any CPU = Release|Any CPU
	EndGlobalSection
	GlobalSection(ProjectConfigurationPlatforms) = postSolution
		{B08A24ED-AFC6-473B-BAD4-067C170C4D42}.Debug|Any CPU.ActiveCfg = Debug|Any CPU
		{B08A24ED-AFC6-473B-BAD4-067C170C4D42}.Debug|Any CPU.Build.0 = Debug|Any CPU
		{B08A24ED-AFC6-473B-BAD4-067C170C4D42}.Release|Any CPU.ActiveCfg = Release|Any CPU
		{B08A24ED-AFC6-473B-BAD4-067C170C4D42}.Release|Any CPU.Build.0 = Release|Any CPU
		{572616A1-1265-44B5-91C0-10852F04D955}.Debug|Any CPU.ActiveCfg = Debug|Any CPU
		{572616A1-1265-44B5-91C0-10852F04D955}.Debug|Any CPU.Build.0 = Debug|Any CPU
		{572616A1-1265-44B5-91C0-10852F04D955}.Release|Any CPU.ActiveCfg = Release|Any CPU
		{572616A1-1265-44B5-91C0-10852F04D955}.Release|Any CPU.Build.0 = Release|Any CPU
		{17CC1B62-CD91-45A5-8D2E-CEB2C9CD9824}.Debug|Any CPU.ActiveCfg = Debug|Any CPU
		{17CC1B62-CD91-45A5-8D2E-CEB2C9CD9824}.Debug|Any CPU.Build.0 = Debug|Any CPU
		{17CC1B62-CD91-45A5-8D2E-CEB2C9CD9824}.Release|Any CPU.ActiveCfg = Release|Any CPU
		{17CC1B62-CD91-45A5-8D2E-CEB2C9CD9824}.Release|Any CPU.Build.0 = Release|Any CPU
	EndGlobalSection
	GlobalSection(SolutionProperties) = preSolution
		HideSolutionNode = FALSE
	EndGlobalSection
	GlobalSection(ExtensibilityGlobals) = postSolution
		SolutionGuid = {02447AD8-4882-4BB7-BAF1-136376B9E379}
	EndGlobalSection
EndGlobal
